
Microsoft Visual Studio Solution File, Format Version 12.00
Project("{FAE04EC0-301F-11D3-BF4B-00C04F79EFBC}") = "Web", "Web\Web.csproj", "{BEF47B47-3553-4F51-9DF3-F377E90D0943}"
EndProject
Project("{FAE04EC0-301F-11D3-BF4B-00C04F79EFBC}") = "Operations", "Operations\Operations.csproj", "{F3A98484-E16D-4BAF-8B0B-411C61B4B6F7}"
EndProject
Project("{FAE04EC0-301F-11D3-BF4B-00C04F79EFBC}") = "Common", "Common\Common.csproj", "{E9D8211D-C708-4048-8726-06EFE2C216A0}"
EndProject
Global
	GlobalSection(SolutionConfigurationPlatforms) = preSolution
		Debug|Any CPU = Debug|Any CPU
		Release|Any CPU = Release|Any CPU
	EndGlobalSection
	GlobalSection(ProjectConfigurationPlatforms) = postSolution
		{BEF47B47-3553-4F51-9DF3-F377E90D0943}.Debug|Any CPU.ActiveCfg = Debug|Any CPU
		{BEF47B47-3553-4F51-9DF3-F377E90D0943}.Debug|Any CPU.Build.0 = Debug|Any CPU
		{BEF47B47-3553-4F51-9DF3-F377E90D0943}.Release|Any CPU.ActiveCfg = Release|Any CPU
		{BEF47B47-3553-4F51-9DF3-F377E90D0943}.Release|Any CPU.Build.0 = Release|Any CPU
		{F3A98484-E16D-4BAF-8B0B-411C61B4B6F7}.Debug|Any CPU.ActiveCfg = Debug|Any CPU
		{F3A98484-E16D-4BAF-8B0B-411C61B4B6F7}.Debug|Any CPU.Build.0 = Debug|Any CPU
		{F3A98484-E16D-4BAF-8B0B-411C61B4B6F7}.Release|Any CPU.ActiveCfg = Release|Any CPU
		{F3A98484-E16D-4BAF-8B0B-411C61B4B6F7}.Release|Any CPU.Build.0 = Release|Any CPU
		{E9D8211D-C708-4048-8726-06EFE2C216A0}.Debug|Any CPU.ActiveCfg = Debug|Any CPU
		{E9D8211D-C708-4048-8726-06EFE2C216A0}.Debug|Any CPU.Build.0 = Debug|Any CPU
		{E9D8211D-C708-4048-8726-06EFE2C216A0}.Release|Any CPU.ActiveCfg = Release|Any CPU
		{E9D8211D-C708-4048-8726-06EFE2C216A0}.Release|Any CPU.Build.0 = Release|Any CPU
	EndGlobalSection
EndGlobal
