
Microsoft Visual Studio Solution File, Format Version 12.00
Project("{FAE04EC0-301F-11D3-BF4B-00C04F79EFBC}") = "Web", "Web\Web.csproj", "{BEF47B47-3553-4F51-9DF3-F377E90D0943}"
EndProject
Project("{FAE04EC0-301F-11D3-BF4B-00C04F79EFBC}") = "Operations", "Operations\Operations.csproj", "{F3A98484-E16D-4BAF-8B0B-411C61B4B6F7}"
EndProject
Project("{FAE04EC0-301F-11D3-BF4B-00C04F79EFBC}") = "Common", "Common\Common.csproj", "{E9D8211D-C708-4048-8726-06EFE2C216A0}"
EndProject
Project("{FAE04EC0-301F-11D3-BF4B-00C04F79EFBC}") = "Identity", "Identity\Identity.csproj", "{9FEB2576-2341-4D79-A82C-992D0E841A85}"
EndProject
Project("{FAE04EC0-301F-11D3-BF4B-00C04F79EFBC}") = "ApplicationServices", "ApplicationServices\ApplicationServices.csproj", "{FDB8FE28-3A59-4FAA-B6D3-562656981864}"
EndProject
Project("{2150E333-8FDC-42A3-9474-1A3956D46DE8}") = "Core", "Core", "{0148321D-9C6E-47DD-82E6-658B97638A6D}"
EndProject
Global
	GlobalSection(SolutionConfigurationPlatforms) = preSolution
		Debug|Any CPU = Debug|Any CPU
		Release|Any CPU = Release|Any CPU
	EndGlobalSection
	GlobalSection(ProjectConfigurationPlatforms) = postSolution
		{BEF47B47-3553-4F51-9DF3-F377E90D0943}.Debug|Any CPU.ActiveCfg = Debug|Any CPU
		{BEF47B47-3553-4F51-9DF3-F377E90D0943}.Debug|Any CPU.Build.0 = Debug|Any CPU
		{BEF47B47-3553-4F51-9DF3-F377E90D0943}.Release|Any CPU.ActiveCfg = Release|Any CPU
		{BEF47B47-3553-4F51-9DF3-F377E90D0943}.Release|Any CPU.Build.0 = Release|Any CPU
		{F3A98484-E16D-4BAF-8B0B-411C61B4B6F7}.Debug|Any CPU.ActiveCfg = Debug|Any CPU
		{F3A98484-E16D-4BAF-8B0B-411C61B4B6F7}.Debug|Any CPU.Build.0 = Debug|Any CPU
		{F3A98484-E16D-4BAF-8B0B-411C61B4B6F7}.Release|Any CPU.ActiveCfg = Release|Any CPU
		{F3A98484-E16D-4BAF-8B0B-411C61B4B6F7}.Release|Any CPU.Build.0 = Release|Any CPU
		{E9D8211D-C708-4048-8726-06EFE2C216A0}.Debug|Any CPU.ActiveCfg = Debug|Any CPU
		{E9D8211D-C708-4048-8726-06EFE2C216A0}.Debug|Any CPU.Build.0 = Debug|Any CPU
		{E9D8211D-C708-4048-8726-06EFE2C216A0}.Release|Any CPU.ActiveCfg = Release|Any CPU
		{E9D8211D-C708-4048-8726-06EFE2C216A0}.Release|Any CPU.Build.0 = Release|Any CPU
		{9FEB2576-2341-4D79-A82C-992D0E841A85}.Debug|Any CPU.ActiveCfg = Debug|Any CPU
		{9FEB2576-2341-4D79-A82C-992D0E841A85}.Debug|Any CPU.Build.0 = Debug|Any CPU
		{9FEB2576-2341-4D79-A82C-992D0E841A85}.Release|Any CPU.ActiveCfg = Release|Any CPU
		{9FEB2576-2341-4D79-A82C-992D0E841A85}.Release|Any CPU.Build.0 = Release|Any CPU
		{FDB8FE28-3A59-4FAA-B6D3-562656981864}.Debug|Any CPU.ActiveCfg = Debug|Any CPU
		{FDB8FE28-3A59-4FAA-B6D3-562656981864}.Debug|Any CPU.Build.0 = Debug|Any CPU
		{FDB8FE28-3A59-4FAA-B6D3-562656981864}.Release|Any CPU.ActiveCfg = Release|Any CPU
		{FDB8FE28-3A59-4FAA-B6D3-562656981864}.Release|Any CPU.Build.0 = Release|Any CPU
	EndGlobalSection
	GlobalSection(NestedProjects) = preSolution
		{E9D8211D-C708-4048-8726-06EFE2C216A0} = {0148321D-9C6E-47DD-82E6-658B97638A6D}
		{9FEB2576-2341-4D79-A82C-992D0E841A85} = {0148321D-9C6E-47DD-82E6-658B97638A6D}
		{F3A98484-E16D-4BAF-8B0B-411C61B4B6F7} = {0148321D-9C6E-47DD-82E6-658B97638A6D}
	EndGlobalSection
EndGlobal
